
Microsoft Visual Studio Solution File, Format Version 12.00
# Visual Studio Version 17
VisualStudioVersion = 17.10.35027.167
MinimumVisualStudioVersion = 10.0.40219.1
Project("{FAE04EC0-301F-11D3-BF4B-00C04F79EFBC}") = "Front-End-Ciudad", "Front-End-Ciudad.csproj", "{FEFE8C25-BFF6-474A-9BA6-8DFEFC96692E}"
EndProject
Global
	GlobalSection(SolutionConfigurationPlatforms) = preSolution
		Debug|Any CPU = Debug|Any CPU
		Release|Any CPU = Release|Any CPU
	EndGlobalSection
	GlobalSection(ProjectConfigurationPlatforms) = postSolution
		{FEFE8C25-BFF6-474A-9BA6-8DFEFC96692E}.Debug|Any CPU.ActiveCfg = Debug|Any CPU
		{FEFE8C25-BFF6-474A-9BA6-8DFEFC96692E}.Debug|Any CPU.Build.0 = Debug|Any CPU
		{FEFE8C25-BFF6-474A-9BA6-8DFEFC96692E}.Release|Any CPU.ActiveCfg = Release|Any CPU
		{FEFE8C25-BFF6-474A-9BA6-8DFEFC96692E}.Release|Any CPU.Build.0 = Release|Any CPU
	EndGlobalSection
	GlobalSection(SolutionProperties) = preSolution
		HideSolutionNode = FALSE
	EndGlobalSection
	GlobalSection(ExtensibilityGlobals) = postSolution
		SolutionGuid = {D2532915-EF5C-465E-9F2B-BF9D5E35F7F5}
	EndGlobalSection
EndGlobal
